
Microsoft Visual Studio Solution File, Format Version 12.00
# Visual Studio Version 17
VisualStudioVersion = 17.10.35027.167
MinimumVisualStudioVersion = 10.0.40219.1
Project("{FAE04EC0-301F-11D3-BF4B-00C04F79EFBC}") = "App.Webapi", "App.Webapi\App.Webapi.csproj", "{81628EA0-7A2B-47B6-9D64-A9A6C1E4537B}"
EndProject
Global
	GlobalSection(SolutionConfigurationPlatforms) = preSolution
		Debug|Any CPU = Debug|Any CPU
		Release|Any CPU = Release|Any CPU
	EndGlobalSection
	GlobalSection(ProjectConfigurationPlatforms) = postSolution
		{81628EA0-7A2B-47B6-9D64-A9A6C1E4537B}.Debug|Any CPU.ActiveCfg = Debug|Any CPU
		{81628EA0-7A2B-47B6-9D64-A9A6C1E4537B}.Debug|Any CPU.Build.0 = Debug|Any CPU
		{81628EA0-7A2B-47B6-9D64-A9A6C1E4537B}.Release|Any CPU.ActiveCfg = Release|Any CPU
		{81628EA0-7A2B-47B6-9D64-A9A6C1E4537B}.Release|Any CPU.Build.0 = Release|Any CPU
	EndGlobalSection
	GlobalSection(SolutionProperties) = preSolution
		HideSolutionNode = FALSE
	EndGlobalSection
	GlobalSection(ExtensibilityGlobals) = postSolution
		SolutionGuid = {67ACEE3C-4E36-4720-8A06-CBCF477568B8}
	EndGlobalSection
EndGlobal
